
Microsoft Visual Studio Solution File, Format Version 12.00
# Visual Studio Version 16
VisualStudioVersion = 16.0.30621.155
MinimumVisualStudioVersion = 10.0.40219.1
Project("{8BC9CEB8-8B4A-11D0-8D11-00A0C91BC942}") = "LibraryProject", "LibraryProject\LibraryProject.vcxproj", "{291184B0-0FFD-45DB-B983-544D42C11D09}"
EndProject
Global
	GlobalSection(SolutionConfigurationPlatforms) = preSolution
		Debug|x64 = Debug|x64
		Debug|x86 = Debug|x86
		Release|x64 = Release|x64
		Release|x86 = Release|x86
	EndGlobalSection
	GlobalSection(ProjectConfigurationPlatforms) = postSolution
		{291184B0-0FFD-45DB-B983-544D42C11D09}.Debug|x64.ActiveCfg = Debug|x64
		{291184B0-0FFD-45DB-B983-544D42C11D09}.Debug|x64.Build.0 = Debug|x64
		{291184B0-0FFD-45DB-B983-544D42C11D09}.Debug|x86.ActiveCfg = Debug|Win32
		{291184B0-0FFD-45DB-B983-544D42C11D09}.Debug|x86.Build.0 = Debug|Win32
		{291184B0-0FFD-45DB-B983-544D42C11D09}.Release|x64.ActiveCfg = Release|x64
		{291184B0-0FFD-45DB-B983-544D42C11D09}.Release|x64.Build.0 = Release|x64
		{291184B0-0FFD-45DB-B983-544D42C11D09}.Release|x86.ActiveCfg = Release|Win32
		{291184B0-0FFD-45DB-B983-544D42C11D09}.Release|x86.Build.0 = Release|Win32
	EndGlobalSection
	GlobalSection(SolutionProperties) = preSolution
		HideSolutionNode = FALSE
	EndGlobalSection
	GlobalSection(ExtensibilityGlobals) = postSolution
		SolutionGuid = {483B092D-23BA-482F-A5FA-C8C91E0E6F38}
	EndGlobalSection
EndGlobal
